
Microsoft Visual Studio Solution File, Format Version 12.00
Project("{FAE04EC0-301F-11D3-BF4B-00C04F79EFBC}") = "MigrationService", "MigrationService\MigrationService.csproj", "{6C24EA86-267F-4388-BCD8-C011F2BE2B27}"
EndProject
Project("{FAE04EC0-301F-11D3-BF4B-00C04F79EFBC}") = "BackgroundService", "BackgroundService\BackgroundService.csproj", "{2D5D374F-253D-4CAC-BBE4-176B9214FF86}"
EndProject
Project("{FAE04EC0-301F-11D3-BF4B-00C04F79EFBC}") = "UserService", "UserService\UserService.csproj", "{27AD92D7-AA9A-45CE-8477-E7527CF67D17}"
EndProject
Project("{FAE04EC0-301F-11D3-BF4B-00C04F79EFBC}") = "FinanceService", "FinanceService\FinanceService.csproj", "{0E6A83A9-60B4-4F70-A8E8-C7C87A272BEA}"
EndProject
Project("{FAE04EC0-301F-11D3-BF4B-00C04F79EFBC}") = "ApiGateway", "ApiGateway\ApiGateway.csproj", "{7C64F528-0CBE-484F-A032-229B2CF0031C}"
EndProject
Global
	GlobalSection(SolutionConfigurationPlatforms) = preSolution
		Debug|Any CPU = Debug|Any CPU
		Release|Any CPU = Release|Any CPU
	EndGlobalSection
	GlobalSection(ProjectConfigurationPlatforms) = postSolution
		{6C24EA86-267F-4388-BCD8-C011F2BE2B27}.Debug|Any CPU.ActiveCfg = Debug|Any CPU
		{6C24EA86-267F-4388-BCD8-C011F2BE2B27}.Debug|Any CPU.Build.0 = Debug|Any CPU
		{6C24EA86-267F-4388-BCD8-C011F2BE2B27}.Release|Any CPU.ActiveCfg = Release|Any CPU
		{6C24EA86-267F-4388-BCD8-C011F2BE2B27}.Release|Any CPU.Build.0 = Release|Any CPU
		{2D5D374F-253D-4CAC-BBE4-176B9214FF86}.Debug|Any CPU.ActiveCfg = Debug|Any CPU
		{2D5D374F-253D-4CAC-BBE4-176B9214FF86}.Debug|Any CPU.Build.0 = Debug|Any CPU
		{2D5D374F-253D-4CAC-BBE4-176B9214FF86}.Release|Any CPU.ActiveCfg = Release|Any CPU
		{2D5D374F-253D-4CAC-BBE4-176B9214FF86}.Release|Any CPU.Build.0 = Release|Any CPU
		{27AD92D7-AA9A-45CE-8477-E7527CF67D17}.Debug|Any CPU.ActiveCfg = Debug|Any CPU
		{27AD92D7-AA9A-45CE-8477-E7527CF67D17}.Debug|Any CPU.Build.0 = Debug|Any CPU
		{27AD92D7-AA9A-45CE-8477-E7527CF67D17}.Release|Any CPU.ActiveCfg = Release|Any CPU
		{27AD92D7-AA9A-45CE-8477-E7527CF67D17}.Release|Any CPU.Build.0 = Release|Any CPU
		{0E6A83A9-60B4-4F70-A8E8-C7C87A272BEA}.Debug|Any CPU.ActiveCfg = Debug|Any CPU
		{0E6A83A9-60B4-4F70-A8E8-C7C87A272BEA}.Debug|Any CPU.Build.0 = Debug|Any CPU
		{0E6A83A9-60B4-4F70-A8E8-C7C87A272BEA}.Release|Any CPU.ActiveCfg = Release|Any CPU
		{0E6A83A9-60B4-4F70-A8E8-C7C87A272BEA}.Release|Any CPU.Build.0 = Release|Any CPU
		{7C64F528-0CBE-484F-A032-229B2CF0031C}.Debug|Any CPU.ActiveCfg = Debug|Any CPU
		{7C64F528-0CBE-484F-A032-229B2CF0031C}.Debug|Any CPU.Build.0 = Debug|Any CPU
		{7C64F528-0CBE-484F-A032-229B2CF0031C}.Release|Any CPU.ActiveCfg = Release|Any CPU
		{7C64F528-0CBE-484F-A032-229B2CF0031C}.Release|Any CPU.Build.0 = Release|Any CPU
	EndGlobalSection
EndGlobal
